
Microsoft Visual Studio Solution File, Format Version 12.00
# Visual Studio Version 16
VisualStudioVersion = 16.0.29728.190
MinimumVisualStudioVersion = 10.0.40219.1
Project("{FAE04EC0-301F-11D3-BF4B-00C04F79EFBC}") = "WritersCorner", "WritersCorner\WritersCorner.csproj", "{EA1411A7-72ED-4F0A-97E2-22A688A356E4}"
EndProject
Project("{FAE04EC0-301F-11D3-BF4B-00C04F79EFBC}") = "WritersCorner.Data", "WritersCorner.Data\WritersCorner.Data.csproj", "{B3E4712A-E09A-43F6-B157-322F79A6BD7B}"
EndProject
Project("{FAE04EC0-301F-11D3-BF4B-00C04F79EFBC}") = "WritersCorner.Service", "WritersCorner.Service\WritersCorner.Service.csproj", "{FBC1C7BF-9482-4F4B-BDFB-042CA1CB7530}"
EndProject
Global
	GlobalSection(SolutionConfigurationPlatforms) = preSolution
		Debug|Any CPU = Debug|Any CPU
		Release|Any CPU = Release|Any CPU
	EndGlobalSection
	GlobalSection(ProjectConfigurationPlatforms) = postSolution
		{EA1411A7-72ED-4F0A-97E2-22A688A356E4}.Debug|Any CPU.ActiveCfg = Debug|Any CPU
		{EA1411A7-72ED-4F0A-97E2-22A688A356E4}.Debug|Any CPU.Build.0 = Debug|Any CPU
		{EA1411A7-72ED-4F0A-97E2-22A688A356E4}.Release|Any CPU.ActiveCfg = Release|Any CPU
		{EA1411A7-72ED-4F0A-97E2-22A688A356E4}.Release|Any CPU.Build.0 = Release|Any CPU
		{B3E4712A-E09A-43F6-B157-322F79A6BD7B}.Debug|Any CPU.ActiveCfg = Debug|Any CPU
		{B3E4712A-E09A-43F6-B157-322F79A6BD7B}.Debug|Any CPU.Build.0 = Debug|Any CPU
		{B3E4712A-E09A-43F6-B157-322F79A6BD7B}.Release|Any CPU.ActiveCfg = Release|Any CPU
		{B3E4712A-E09A-43F6-B157-322F79A6BD7B}.Release|Any CPU.Build.0 = Release|Any CPU
		{FBC1C7BF-9482-4F4B-BDFB-042CA1CB7530}.Debug|Any CPU.ActiveCfg = Debug|Any CPU
		{FBC1C7BF-9482-4F4B-BDFB-042CA1CB7530}.Debug|Any CPU.Build.0 = Debug|Any CPU
		{FBC1C7BF-9482-4F4B-BDFB-042CA1CB7530}.Release|Any CPU.ActiveCfg = Release|Any CPU
		{FBC1C7BF-9482-4F4B-BDFB-042CA1CB7530}.Release|Any CPU.Build.0 = Release|Any CPU
	EndGlobalSection
	GlobalSection(SolutionProperties) = preSolution
		HideSolutionNode = FALSE
	EndGlobalSection
	GlobalSection(ExtensibilityGlobals) = postSolution
		SolutionGuid = {008876B4-0F50-4084-85DF-26148F83109B}
	EndGlobalSection
EndGlobal
